
Microsoft Visual Studio Solution File, Format Version 12.00
# Visual Studio Version 16
VisualStudioVersion = 16.0.30225.117
MinimumVisualStudioVersion = 10.0.40219.1
Project("{FAE04EC0-301F-11D3-BF4B-00C04F79EFBC}") = "powerbill", "powerbill\powerbill.csproj", "{9F9ED43F-9FD7-4074-A51C-02826BC4E3EF}"
EndProject
Global
	GlobalSection(SolutionConfigurationPlatforms) = preSolution
		Debug|Any CPU = Debug|Any CPU
		Release|Any CPU = Release|Any CPU
	EndGlobalSection
	GlobalSection(ProjectConfigurationPlatforms) = postSolution
		{9F9ED43F-9FD7-4074-A51C-02826BC4E3EF}.Debug|Any CPU.ActiveCfg = Debug|Any CPU
		{9F9ED43F-9FD7-4074-A51C-02826BC4E3EF}.Debug|Any CPU.Build.0 = Debug|Any CPU
		{9F9ED43F-9FD7-4074-A51C-02826BC4E3EF}.Release|Any CPU.ActiveCfg = Release|Any CPU
		{9F9ED43F-9FD7-4074-A51C-02826BC4E3EF}.Release|Any CPU.Build.0 = Release|Any CPU
	EndGlobalSection
	GlobalSection(SolutionProperties) = preSolution
		HideSolutionNode = FALSE
	EndGlobalSection
	GlobalSection(ExtensibilityGlobals) = postSolution
		SolutionGuid = {8F323B7B-902B-4201-895D-C64F8AA2783B}
	EndGlobalSection
EndGlobal
