
Microsoft Visual Studio Solution File, Format Version 12.00
# Visual Studio Version 16
VisualStudioVersion = 16.0.30320.27
MinimumVisualStudioVersion = 10.0.40219.1
Project("{FAE04EC0-301F-11D3-BF4B-00C04F79EFBC}") = "DatabaseFirstSample", "DatabaseFirstSample\DatabaseFirstSample.csproj", "{C12C82A8-C6D1-4EE0-8794-D19B0309AD93}"
EndProject
Global
	GlobalSection(SolutionConfigurationPlatforms) = preSolution
		Debug|Any CPU = Debug|Any CPU
		Release|Any CPU = Release|Any CPU
	EndGlobalSection
	GlobalSection(ProjectConfigurationPlatforms) = postSolution
		{C12C82A8-C6D1-4EE0-8794-D19B0309AD93}.Debug|Any CPU.ActiveCfg = Debug|Any CPU
		{C12C82A8-C6D1-4EE0-8794-D19B0309AD93}.Debug|Any CPU.Build.0 = Debug|Any CPU
		{C12C82A8-C6D1-4EE0-8794-D19B0309AD93}.Release|Any CPU.ActiveCfg = Release|Any CPU
		{C12C82A8-C6D1-4EE0-8794-D19B0309AD93}.Release|Any CPU.Build.0 = Release|Any CPU
	EndGlobalSection
	GlobalSection(SolutionProperties) = preSolution
		HideSolutionNode = FALSE
	EndGlobalSection
	GlobalSection(ExtensibilityGlobals) = postSolution
		SolutionGuid = {9206EBB9-3B0A-4606-8E24-5C9954A43F44}
	EndGlobalSection
EndGlobal
