
Microsoft Visual Studio Solution File, Format Version 12.00
# Visual Studio Version 16
VisualStudioVersion = 16.0.29613.14
MinimumVisualStudioVersion = 10.0.40219.1
Project("{FAE04EC0-301F-11D3-BF4B-00C04F79EFBC}") = "InteractiveSalesTax", "InteractiveSalesTax\InteractiveSalesTax.csproj", "{179F5720-CDF0-426B-B7E1-C58219F4A7D9}"
EndProject
Global
	GlobalSection(SolutionConfigurationPlatforms) = preSolution
		Debug|Any CPU = Debug|Any CPU
		Release|Any CPU = Release|Any CPU
	EndGlobalSection
	GlobalSection(ProjectConfigurationPlatforms) = postSolution
		{179F5720-CDF0-426B-B7E1-C58219F4A7D9}.Debug|Any CPU.ActiveCfg = Debug|Any CPU
		{179F5720-CDF0-426B-B7E1-C58219F4A7D9}.Debug|Any CPU.Build.0 = Debug|Any CPU
		{179F5720-CDF0-426B-B7E1-C58219F4A7D9}.Release|Any CPU.ActiveCfg = Release|Any CPU
		{179F5720-CDF0-426B-B7E1-C58219F4A7D9}.Release|Any CPU.Build.0 = Release|Any CPU
	EndGlobalSection
	GlobalSection(SolutionProperties) = preSolution
		HideSolutionNode = FALSE
	EndGlobalSection
	GlobalSection(ExtensibilityGlobals) = postSolution
		SolutionGuid = {BEE25896-5F48-46BA-86EC-D8A81A847DE8}
	EndGlobalSection
EndGlobal
