
Microsoft Visual Studio Solution File, Format Version 12.00
# Visual Studio Version 16
VisualStudioVersion = 16.0.29613.14
MinimumVisualStudioVersion = 10.0.40219.1
Project("{FAE04EC0-301F-11D3-BF4B-00C04F79EFBC}") = "exponent_base", "exponent_base\exponent_base.csproj", "{4AE0B760-110D-43BB-AD8F-38BBD68832EF}"
EndProject
Global
	GlobalSection(SolutionConfigurationPlatforms) = preSolution
		Debug|Any CPU = Debug|Any CPU
		Release|Any CPU = Release|Any CPU
	EndGlobalSection
	GlobalSection(ProjectConfigurationPlatforms) = postSolution
		{4AE0B760-110D-43BB-AD8F-38BBD68832EF}.Debug|Any CPU.ActiveCfg = Debug|Any CPU
		{4AE0B760-110D-43BB-AD8F-38BBD68832EF}.Debug|Any CPU.Build.0 = Debug|Any CPU
		{4AE0B760-110D-43BB-AD8F-38BBD68832EF}.Release|Any CPU.ActiveCfg = Release|Any CPU
		{4AE0B760-110D-43BB-AD8F-38BBD68832EF}.Release|Any CPU.Build.0 = Release|Any CPU
	EndGlobalSection
	GlobalSection(SolutionProperties) = preSolution
		HideSolutionNode = FALSE
	EndGlobalSection
	GlobalSection(ExtensibilityGlobals) = postSolution
		SolutionGuid = {DC60F036-AEEA-45DC-94C2-F60959B82C7B}
	EndGlobalSection
EndGlobal
